{
  "name": "ai-mastra",
  "version": "1.0.0",
  "lockfileVersion": 3,
  "requires": true,
  "packages": {
    "": {
      "name": "ai-mastra",
      "version": "1.0.0",
      "license": "ISC",
      "dependencies": {
        "@ai-sdk/google": "^1.2.18",
        "@mastra/core": "^0.10.1",
        "@mastra/libsql": "^0.10.0",
        "@mastra/loggers": "^0.10.0",
        "@mastra/mcp": "^0.10.1",
        "@mastra/memory": "^0.10.1",
        "@mastra/rag": "^0.10.1",
        "ai": "^4.3.16",
        "zod": "^3.25.44"
      },
      "devDependencies": {
        "@types/node": "^22.15.29",
        "mastra": "^0.10.1",
        "typescript": "^5.8.3"
      },
      "engines": {
        "node": ">=20.9.0"
      }
    },
    "../../node_modules/.pnpm/@ai-sdk+google@1.2.18_zod@3.25.43/node_modules/@ai-sdk/google": {
      "version": "1.2.18",
      "license": "Apache-2.0",
      "dependencies": {
        "@ai-sdk/provider": "1.1.3",
        "@ai-sdk/provider-utils": "2.2.8"
      },
      "devDependencies": {
        "@types/node": "20.17.24",
        "@vercel/ai-tsconfig": "0.0.0",
        "tsup": "^8",
        "typescript": "5.6.3",
        "zod": "3.23.8"
      },
      "engines": {
        "node": ">=18"
      },
      "peerDependencies": {
        "zod": "^3.0.0"
      }
    },
    "../../node_modules/.pnpm/@mastra+core@0.10.1_openapi_96cb5dc558b6f66ad838a581dbeb54b6/node_modules/@mastra/core": {
      "version": "0.10.1",
      "license": "Elastic-2.0",
      "dependencies": {
        "@opentelemetry/api": "^1.9.0",
        "@opentelemetry/auto-instrumentations-node": "^0.59.0",
        "@opentelemetry/core": "^2.0.1",
        "@opentelemetry/exporter-trace-otlp-grpc": "^0.201.0",
        "@opentelemetry/exporter-trace-otlp-http": "^0.201.0",
        "@opentelemetry/otlp-exporter-base": "^0.201.0",
        "@opentelemetry/otlp-transformer": "^0.201.0",
        "@opentelemetry/resources": "^2.0.1",
        "@opentelemetry/sdk-metrics": "^2.0.1",
        "@opentelemetry/sdk-node": "^0.201.0",
        "@opentelemetry/sdk-trace-base": "^2.0.1",
        "@opentelemetry/sdk-trace-node": "^2.0.1",
        "@opentelemetry/semantic-conventions": "^1.33.0",
        "@sindresorhus/slugify": "^2.2.1",
        "ai": "^4.2.2",
        "cohere-ai": "^7.16.0",
        "date-fns": "^3.6.0",
        "dotenv": "^16.4.7",
        "hono": "^4.5.1",
        "hono-openapi": "^0.4.6",
        "json-schema": "^0.4.0",
        "json-schema-to-zod": "^2.6.0",
        "pino": "^9.6.0",
        "pino-pretty": "^13.0.0",
        "radash": "^12.1.0",
        "sift": "^17.1.3",
        "xstate": "^5.19.2",
        "zod-from-json-schema": "^0.0.5",
        "zod-to-json-schema": "^3.24.5"
      },
      "devDependencies": {
        "@ai-sdk/openai": "^1.3.20",
        "@babel/core": "^7.26.10",
        "@internal/lint": "0.0.7",
        "@microsoft/api-extractor": "^7.52.5",
        "@openrouter/ai-sdk-provider": "^0.4.5",
        "@size-limit/preset-small-lib": "^11.2.0",
        "@types/babel__core": "^7.20.5",
        "@types/json-schema": "^7.0.15",
        "@types/lodash-es": "^4.17.12",
        "@types/node": "^20.17.27",
        "@types/pino": "^7.0.5",
        "@types/qs": "^6.9.18",
        "eslint": "^9.23.0",
        "globby": "^14.1.0",
        "rollup": "^4.40.1",
        "size-limit": "^11.2.0",
        "tsup": "^8.4.0",
        "typescript": "^5.8.2",
        "vitest": "^3.1.2",
        "zod": "^3.24.3"
      },
      "engines": {
        "node": ">=20"
      },
      "peerDependencies": {
        "zod": "^3.0.0"
      }
    },
    "../../node_modules/.pnpm/@mastra+libsql@0.10.0_@mast_35d7c10b50e29afe59e1aa208d41d2ef/node_modules/@mastra/libsql": {
      "version": "0.10.0",
      "license": "MIT",
      "dependencies": {
        "@libsql/client": "^0.15.4"
      },
      "devDependencies": {
        "@internal/lint": "0.0.6",
        "@internal/storage-test-utils": "0.0.2",
        "@mastra/core": "0.10.0",
        "@microsoft/api-extractor": "^7.52.5",
        "@types/node": "^20.17.32",
        "eslint": "^9.25.1",
        "tsup": "^8.4.0",
        "typescript": "^5.8.3",
        "vitest": "^3.1.2"
      },
      "peerDependencies": {
        "@mastra/core": "^0.10.0"
      }
    },
    "../../node_modules/.pnpm/@mastra+loggers@0.10.0_@mas_d5d69b2539000ac8e363db5e27ce4a66/node_modules/@mastra/loggers": {
      "version": "0.10.0",
      "license": "Elastic-2.0",
      "dependencies": {
        "pino": "^9.7.0",
        "pino-pretty": "^13.0.0"
      },
      "devDependencies": {
        "@internal/lint": "0.0.6",
        "@mastra/core": "0.10.0",
        "@microsoft/api-extractor": "^7.52.5",
        "@types/node": "^20.17.27",
        "eslint": "^9.23.0",
        "tsup": "^8.4.0",
        "typescript": "^5.8.2",
        "vitest": "^3.1.2"
      },
      "peerDependencies": {
        "@mastra/core": "^0.10.0"
      }
    },
    "../../node_modules/.pnpm/@mastra+mcp@0.10.1_@mastra+_26783458887bc01ceb914c74070a237f/node_modules/@mastra/mcp": {
      "version": "0.10.1",
      "license": "Elastic-2.0",
      "dependencies": {
        "@modelcontextprotocol/sdk": "^1.10.2",
        "date-fns": "^4.1.0",
        "exit-hook": "^4.0.0",
        "fast-deep-equal": "^3.1.3",
        "hono": "^4.7.4",
        "uuid": "^11.1.0",
        "zod-from-json-schema": "^0.0.5"
      },
      "devDependencies": {
        "@ai-sdk/anthropic": "^1.1.15",
        "@ai-sdk/openai": "^1.3.22",
        "@hono/node-server": "^1.13.8",
        "@internal/lint": "0.0.7",
        "@mastra/core": "0.10.1",
        "@mendable/firecrawl-js": "^1.24.0",
        "@microsoft/api-extractor": "^7.52.5",
        "@types/node": "^20.17.27",
        "ai": "4.3.16",
        "eslint": "^9.23.0",
        "hono-mcp-server-sse-transport": "0.0.6",
        "tsup": "^8.4.0",
        "tsx": "^4.19.3",
        "typescript": "^5.8.2",
        "vitest": "^3.1.2",
        "zod": "^3.24.3",
        "zod-to-json-schema": "^3.24.5"
      },
      "peerDependencies": {
        "@mastra/core": "^0.10.0",
        "zod": "^3.0.0"
      }
    },
    "../../node_modules/.pnpm/@mastra+memory@0.10.1_@mast_4710eaa15b031ee5df37b6d5ecce5e9f/node_modules/@mastra/memory": {
      "version": "0.10.1",
      "license": "Elastic-2.0",
      "dependencies": {
        "@upstash/redis": "^1.34.5",
        "ai": "^4.2.2",
        "js-tiktoken": "^1.0.19",
        "pg": "^8.13.3",
        "pg-pool": "^3.7.1",
        "postgres": "^3.4.5",
        "redis": "^4.7.0",
        "xxhash-wasm": "^1.1.0",
        "zod": "^3.24.3"
      },
      "devDependencies": {
        "@ai-sdk/openai": "^1.3.3",
        "@internal/lint": "0.0.7",
        "@mastra/core": "0.10.1",
        "@microsoft/api-extractor": "^7.52.5",
        "@types/node": "^20.17.27",
        "@types/pg": "^8.11.11",
        "eslint": "^9.23.0",
        "tsup": "^8.4.0",
        "typescript": "^5.8.2",
        "typescript-eslint": "^8.26.1",
        "vitest": "^3.1.2"
      },
      "peerDependencies": {
        "@mastra/core": "^0.10.0"
      }
    },
    "../../node_modules/.pnpm/@types+node@22.15.29/node_modules/@types/node": {
      "version": "22.15.29",
      "dev": true,
      "license": "MIT",
      "dependencies": {
        "undici-types": "~6.21.0"
      }
    },
    "../../node_modules/.pnpm/mastra@0.10.1_@mastra+core@_12d8c35143b82c71eb7e6013431f39b9/node_modules/mastra": {
      "version": "0.10.1",
      "dev": true,
      "license": "Elastic-2.0",
      "dependencies": {
        "@clack/prompts": "^0.8.2",
        "@lukeed/uuid": "^2.0.1",
        "@mastra/deployer": "^0.10.1",
        "@mastra/loggers": "^0.10.0",
        "@mastra/mcp": "^0.10.1",
        "@opentelemetry/instrumentation": "^0.57.2",
        "@webcontainer/env": "^1.1.1",
        "commander": "^12.1.0",
        "dotenv": "^16.4.7",
        "execa": "^9.5.2",
        "fs-extra": "^11.3.0",
        "json-schema-to-zod": "^2.6.0",
        "picocolors": "^1.1.1",
        "posthog-node": "4.16.0",
        "prettier": "^3.5.3",
        "prompt": "^1.3.0",
        "shell-quote": "^1.8.2",
        "shiki": "^1.29.2",
        "strip-json-comments": "^5.0.1",
        "superjson": "^2.2.2",
        "swr": "^2.3.3",
        "tcp-port-used": "^1.0.2",
        "yocto-spinner": "^0.1.2",
        "zod": "^3.24.3",
        "zod-to-json-schema": "^3.24.5"
      },
      "bin": {
        "mastra": "dist/index.js"
      },
      "devDependencies": {
        "@internal/lint": "0.0.7",
        "@mastra/client-js": "0.10.1",
        "@mastra/core": "0.10.1",
        "@mastra/playground-ui": "5.1.1",
        "@microsoft/api-extractor": "^7.52.5",
        "@types/fs-extra": "^11.0.4",
        "@types/node": "^20.17.27",
        "@types/prompt": "^1.1.9",
        "@types/shell-quote": "^1.7.5",
        "@types/tcp-port-used": "^1.0.4",
        "cpy-cli": "^5.0.0",
        "eslint": "^9.23.0",
        "memfs": "^4.17.0",
        "npm-run-all2": "^7.0.2",
        "rollup": "^4.40.1",
        "tsup": "^8.4.0",
        "type-fest": "^4.37.0",
        "typescript": "^5.8.2",
        "vitest": "^3.1.2"
      },
      "peerDependencies": {
        "@mastra/core": "^0.10.0"
      }
    },
    "../../node_modules/.pnpm/typescript@5.8.3/node_modules/typescript": {
      "version": "5.8.3",
      "dev": true,
      "license": "Apache-2.0",
      "bin": {
        "tsc": "bin/tsc",
        "tsserver": "bin/tsserver"
      },
      "devDependencies": {
        "@dprint/formatter": "^0.4.1",
        "@dprint/typescript": "0.93.3",
        "@esfx/canceltoken": "^1.0.0",
        "@eslint/js": "^9.17.0",
        "@octokit/rest": "^21.0.2",
        "@types/chai": "^4.3.20",
        "@types/diff": "^5.2.3",
        "@types/minimist": "^1.2.5",
        "@types/mocha": "^10.0.10",
        "@types/ms": "^0.7.34",
        "@types/node": "latest",
        "@types/source-map-support": "^0.5.10",
        "@types/which": "^3.0.4",
        "@typescript-eslint/rule-tester": "^8.18.1",
        "@typescript-eslint/type-utils": "^8.18.1",
        "@typescript-eslint/utils": "^8.18.1",
        "azure-devops-node-api": "^14.1.0",
        "c8": "^10.1.3",
        "chai": "^4.5.0",
        "chalk": "^4.1.2",
        "chokidar": "^3.6.0",
        "diff": "^5.2.0",
        "dprint": "^0.47.6",
        "esbuild": "^0.24.0",
        "eslint": "^9.17.0",
        "eslint-formatter-autolinkable-stylish": "^1.4.0",
        "eslint-plugin-regexp": "^2.7.0",
        "fast-xml-parser": "^4.5.1",
        "glob": "^10.4.5",
        "globals": "^15.13.0",
        "hereby": "^1.10.0",
        "jsonc-parser": "^3.3.1",
        "knip": "^5.41.0",
        "minimist": "^1.2.8",
        "mocha": "^10.8.2",
        "mocha-fivemat-progress-reporter": "^0.1.0",
        "monocart-coverage-reports": "^2.11.4",
        "ms": "^2.1.3",
        "playwright": "^1.49.1",
        "source-map-support": "^0.5.21",
        "tslib": "^2.8.1",
        "typescript": "^5.7.2",
        "typescript-eslint": "^8.18.1",
        "which": "^3.0.1"
      },
      "engines": {
        "node": ">=14.17"
      }
    },
    "node_modules/@ai-sdk/google": {
      "resolved": "../../node_modules/.pnpm/@ai-sdk+google@1.2.18_zod@3.25.43/node_modules/@ai-sdk/google",
      "link": true
    },
    "node_modules/@ai-sdk/provider": {
      "version": "1.1.3",
      "resolved": "https://registry.npmjs.org/@ai-sdk/provider/-/provider-1.1.3.tgz",
      "integrity": "sha512-qZMxYJ0qqX/RfnuIaab+zp8UAeJn/ygXXAffR5I4N0n1IrvA6qBsjc8hXLmBiMV2zoXlifkacF7sEFnYnjBcqg==",
      "license": "Apache-2.0",
      "dependencies": {
        "json-schema": "^0.4.0"
      },
      "engines": {
        "node": ">=18"
      }
    },
    "node_modules/@ai-sdk/provider-utils": {
      "version": "2.2.8",
      "resolved": "https://registry.npmjs.org/@ai-sdk/provider-utils/-/provider-utils-2.2.8.tgz",
      "integrity": "sha512-fqhG+4sCVv8x7nFzYnFo19ryhAa3w096Kmc3hWxMQfW/TubPOmt3A6tYZhl4mUfQWWQMsuSkLrtjlWuXBVSGQA==",
      "license": "Apache-2.0",
      "dependencies": {
        "@ai-sdk/provider": "1.1.3",
        "nanoid": "^3.3.8",
        "secure-json-parse": "^2.7.0"
      },
      "engines": {
        "node": ">=18"
      },
      "peerDependencies": {
        "zod": "^3.23.8"
      }
    },
    "node_modules/@ai-sdk/react": {
      "version": "1.2.12",
      "resolved": "https://registry.npmjs.org/@ai-sdk/react/-/react-1.2.12.tgz",
      "integrity": "sha512-jK1IZZ22evPZoQW3vlkZ7wvjYGYF+tRBKXtrcolduIkQ/m/sOAVcVeVDUDvh1T91xCnWCdUGCPZg2avZ90mv3g==",
      "license": "Apache-2.0",
      "dependencies": {
        "@ai-sdk/provider-utils": "2.2.8",
        "@ai-sdk/ui-utils": "1.2.11",
        "swr": "^2.2.5",
        "throttleit": "2.1.0"
      },
      "engines": {
        "node": ">=18"
      },
      "peerDependencies": {
        "react": "^18 || ^19 || ^19.0.0-rc",
        "zod": "^3.23.8"
      },
      "peerDependenciesMeta": {
        "zod": {
          "optional": true
        }
      }
    },
    "node_modules/@ai-sdk/ui-utils": {
      "version": "1.2.11",
      "resolved": "https://registry.npmjs.org/@ai-sdk/ui-utils/-/ui-utils-1.2.11.tgz",
      "integrity": "sha512-3zcwCc8ezzFlwp3ZD15wAPjf2Au4s3vAbKsXQVyhxODHcmu0iyPO2Eua6D/vicq/AUm/BAo60r97O6HU+EI0+w==",
      "license": "Apache-2.0",
      "dependencies": {
        "@ai-sdk/provider": "1.1.3",
        "@ai-sdk/provider-utils": "2.2.8",
        "zod-to-json-schema": "^3.24.1"
      },
      "engines": {
        "node": ">=18"
      },
      "peerDependencies": {
        "zod": "^3.23.8"
      }
    },
    "node_modules/@mastra/core": {
      "resolved": "../../node_modules/.pnpm/@mastra+core@0.10.1_openapi_96cb5dc558b6f66ad838a581dbeb54b6/node_modules/@mastra/core",
      "link": true
    },
    "node_modules/@mastra/libsql": {
      "resolved": "../../node_modules/.pnpm/@mastra+libsql@0.10.0_@mast_35d7c10b50e29afe59e1aa208d41d2ef/node_modules/@mastra/libsql",
      "link": true
    },
    "node_modules/@mastra/loggers": {
      "resolved": "../../node_modules/.pnpm/@mastra+loggers@0.10.0_@mas_d5d69b2539000ac8e363db5e27ce4a66/node_modules/@mastra/loggers",
      "link": true
    },
    "node_modules/@mastra/mcp": {
      "resolved": "../../node_modules/.pnpm/@mastra+mcp@0.10.1_@mastra+_26783458887bc01ceb914c74070a237f/node_modules/@mastra/mcp",
      "link": true
    },
    "node_modules/@mastra/memory": {
      "resolved": "../../node_modules/.pnpm/@mastra+memory@0.10.1_@mast_4710eaa15b031ee5df37b6d5ecce5e9f/node_modules/@mastra/memory",
      "link": true
    },
    "node_modules/@mastra/rag": {
      "version": "0.10.1",
      "resolved": "https://registry.npmjs.org/@mastra/rag/-/rag-0.10.1.tgz",
      "integrity": "sha512-Bo1gSsTspg0IwoseKIk2kSPQcULHcyar22PbCUjhtA4I74y3Iw97N7q4SZSqgdIK8QHm/aHY7xMrMgKH76Zqcw==",
      "license": "Elastic-2.0",
      "dependencies": {
        "@paralleldrive/cuid2": "^2.2.2",
        "big.js": "^7.0.1",
        "js-tiktoken": "^1.0.19",
        "node-html-better-parser": "^1.4.7",
        "pathe": "^2.0.3",
        "zod": "^3.24.3"
      },
      "peerDependencies": {
        "@mastra/core": "^0.10.0",
        "ai": "^4.0.0"
      }
    },
    "node_modules/@noble/hashes": {
      "version": "1.8.0",
      "resolved": "https://registry.npmjs.org/@noble/hashes/-/hashes-1.8.0.tgz",
      "integrity": "sha512-jCs9ldd7NwzpgXDIf6P3+NrHh9/sD6CQdxHyjQI+h/6rDNo88ypBxxz45UDuZHz9r3tNz7N/VInSVoVdtXEI4A==",
      "license": "MIT",
      "engines": {
        "node": "^14.21.3 || >=16"
      },
      "funding": {
        "url": "https://paulmillr.com/funding/"
      }
    },
    "node_modules/@opentelemetry/api": {
      "version": "1.9.0",
      "resolved": "https://registry.npmjs.org/@opentelemetry/api/-/api-1.9.0.tgz",
      "integrity": "sha512-3giAOQvZiH5F9bMlMiv8+GSPMeqg0dbaeo58/0SlA9sxSqZhnUtxzX9/2FzyhS9sWQf5S0GJE0AKBrFqjpeYcg==",
      "license": "Apache-2.0",
      "engines": {
        "node": ">=8.0.0"
      }
    },
    "node_modules/@paralleldrive/cuid2": {
      "version": "2.2.2",
      "resolved": "https://registry.npmjs.org/@paralleldrive/cuid2/-/cuid2-2.2.2.tgz",
      "integrity": "sha512-ZOBkgDwEdoYVlSeRbYYXs0S9MejQofiVYoTbKzy/6GQa39/q5tQU2IX46+shYnUkpEl3wc+J6wRlar7r2EK2xA==",
      "license": "MIT",
      "dependencies": {
        "@noble/hashes": "^1.1.5"
      }
    },
    "node_modules/@types/diff-match-patch": {
      "version": "1.0.36",
      "resolved": "https://registry.npmjs.org/@types/diff-match-patch/-/diff-match-patch-1.0.36.tgz",
      "integrity": "sha512-xFdR6tkm0MWvBfO8xXCSsinYxHcqkQUlcHeSpMC2ukzOb6lwQAfDmW+Qt0AvlGd8HpsS28qKsB+oPeJn9I39jg==",
      "license": "MIT"
    },
    "node_modules/@types/node": {
      "resolved": "../../node_modules/.pnpm/@types+node@22.15.29/node_modules/@types/node",
      "link": true
    },
    "node_modules/ai": {
      "version": "4.3.16",
      "resolved": "https://registry.npmjs.org/ai/-/ai-4.3.16.tgz",
      "integrity": "sha512-KUDwlThJ5tr2Vw0A1ZkbDKNME3wzWhuVfAOwIvFUzl1TPVDFAXDFTXio3p+jaKneB+dKNCvFFlolYmmgHttG1g==",
      "license": "Apache-2.0",
      "dependencies": {
        "@ai-sdk/provider": "1.1.3",
        "@ai-sdk/provider-utils": "2.2.8",
        "@ai-sdk/react": "1.2.12",
        "@ai-sdk/ui-utils": "1.2.11",
        "@opentelemetry/api": "1.9.0",
        "jsondiffpatch": "0.6.0"
      },
      "engines": {
        "node": ">=18"
      },
      "peerDependencies": {
        "react": "^18 || ^19 || ^19.0.0-rc",
        "zod": "^3.23.8"
      },
      "peerDependenciesMeta": {
        "react": {
          "optional": true
        }
      }
    },
    "node_modules/base64-js": {
      "version": "1.5.1",
      "resolved": "https://registry.npmjs.org/base64-js/-/base64-js-1.5.1.tgz",
      "integrity": "sha512-AKpaYlHn8t4SVbOHCy+b5+KKgvR4vrsD8vbvrbiQJps7fKDTkjkDry6ji0rUJjC0kzbNePLwzxq8iypo41qeWA==",
      "funding": [
        {
          "type": "github",
          "url": "https://github.com/sponsors/feross"
        },
        {
          "type": "patreon",
          "url": "https://www.patreon.com/feross"
        },
        {
          "type": "consulting",
          "url": "https://feross.org/support"
        }
      ],
      "license": "MIT"
    },
    "node_modules/big.js": {
      "version": "7.0.1",
      "resolved": "https://registry.npmjs.org/big.js/-/big.js-7.0.1.tgz",
      "integrity": "sha512-iFgV784tD8kq4ccF1xtNMZnXeZzVuXWWM+ERFzKQjv+A5G9HC8CY3DuV45vgzFFcW+u2tIvmF95+AzWgs6BjCg==",
      "license": "MIT",
      "engines": {
        "node": "*"
      },
      "funding": {
        "type": "opencollective",
        "url": "https://opencollective.com/bigjs"
      }
    },
    "node_modules/chalk": {
      "version": "5.4.1",
      "resolved": "https://registry.npmjs.org/chalk/-/chalk-5.4.1.tgz",
      "integrity": "sha512-zgVZuo2WcZgfUEmsn6eO3kINexW8RAE4maiQ8QNs8CtpPCSyMiYsULR3HQYkm3w8FIA3SberyMJMSldGsW+U3w==",
      "license": "MIT",
      "engines": {
        "node": "^12.17.0 || ^14.13 || >=16.0.0"
      },
      "funding": {
        "url": "https://github.com/chalk/chalk?sponsor=1"
      }
    },
    "node_modules/dequal": {
      "version": "2.0.3",
      "resolved": "https://registry.npmjs.org/dequal/-/dequal-2.0.3.tgz",
      "integrity": "sha512-0je+qPKHEMohvfRTCEo3CrPG6cAzAYgmzKyxRiYSSDkS6eGJdyVJm7WaYA5ECaAD9wLB2T4EEeymA5aFVcYXCA==",
      "license": "MIT",
      "engines": {
        "node": ">=6"
      }
    },
    "node_modules/diff-match-patch": {
      "version": "1.0.5",
      "resolved": "https://registry.npmjs.org/diff-match-patch/-/diff-match-patch-1.0.5.tgz",
      "integrity": "sha512-IayShXAgj/QMXgB0IWmKx+rOPuGMhqm5w6jvFxmVenXKIzRqTAAsbBPT3kWQeGANj3jGgvcvv4yK6SxqYmikgw==",
      "license": "Apache-2.0"
    },
    "node_modules/html-entities": {
      "version": "2.6.0",
      "resolved": "https://registry.npmjs.org/html-entities/-/html-entities-2.6.0.tgz",
      "integrity": "sha512-kig+rMn/QOVRvr7c86gQ8lWXq+Hkv6CbAH1hLu+RG338StTpE8Z0b44SDVaqVu7HGKf27frdmUYEs9hTUX/cLQ==",
      "funding": [
        {
          "type": "github",
          "url": "https://github.com/sponsors/mdevils"
        },
        {
          "type": "patreon",
          "url": "https://patreon.com/mdevils"
        }
      ],
      "license": "MIT"
    },
    "node_modules/js-tiktoken": {
      "version": "1.0.20",
      "resolved": "https://registry.npmjs.org/js-tiktoken/-/js-tiktoken-1.0.20.tgz",
      "integrity": "sha512-Xlaqhhs8VfCd6Sh7a1cFkZHQbYTLCwVJJWiHVxBYzLPxW0XsoxBy1hitmjkdIjD3Aon5BXLHFwU5O8WUx6HH+A==",
      "license": "MIT",
      "dependencies": {
        "base64-js": "^1.5.1"
      }
    },
    "node_modules/json-schema": {
      "version": "0.4.0",
      "resolved": "https://registry.npmjs.org/json-schema/-/json-schema-0.4.0.tgz",
      "integrity": "sha512-es94M3nTIfsEPisRafak+HDLfHXnKBhV3vU5eqPcS3flIWqcxJWgXHXiey3YrpaNsanY5ei1VoYEbOzijuq9BA==",
      "license": "(AFL-2.1 OR BSD-3-Clause)"
    },
    "node_modules/jsondiffpatch": {
      "version": "0.6.0",
      "resolved": "https://registry.npmjs.org/jsondiffpatch/-/jsondiffpatch-0.6.0.tgz",
      "integrity": "sha512-3QItJOXp2AP1uv7waBkao5nCvhEv+QmJAd38Ybq7wNI74Q+BBmnLn4EDKz6yI9xGAIQoUF87qHt+kc1IVxB4zQ==",
      "license": "MIT",
      "dependencies": {
        "@types/diff-match-patch": "^1.0.36",
        "chalk": "^5.3.0",
        "diff-match-patch": "^1.0.5"
      },
      "bin": {
        "jsondiffpatch": "bin/jsondiffpatch.js"
      },
      "engines": {
        "node": "^18.0.0 || >=20.0.0"
      }
    },
    "node_modules/mastra": {
      "resolved": "../../node_modules/.pnpm/mastra@0.10.1_@mastra+core@_12d8c35143b82c71eb7e6013431f39b9/node_modules/mastra",
      "link": true
    },
    "node_modules/nanoid": {
      "version": "3.3.11",
      "resolved": "https://registry.npmjs.org/nanoid/-/nanoid-3.3.11.tgz",
      "integrity": "sha512-N8SpfPUnUp1bK+PMYW8qSWdl9U+wwNWI4QKxOYDy9JAro3WMX7p2OeVRF9v+347pnakNevPmiHhNmZ2HbFA76w==",
      "funding": [
        {
          "type": "github",
          "url": "https://github.com/sponsors/ai"
        }
      ],
      "license": "MIT",
      "bin": {
        "nanoid": "bin/nanoid.cjs"
      },
      "engines": {
        "node": "^10 || ^12 || ^13.7 || ^14 || >=15.0.1"
      }
    },
    "node_modules/node-html-better-parser": {
      "version": "1.4.11",
      "resolved": "https://registry.npmjs.org/node-html-better-parser/-/node-html-better-parser-1.4.11.tgz",
      "integrity": "sha512-rXYKBD30q6Iw/Y8o2ueJILB29Z3RrqQQN/U2PDg4Iz2TSZP/KmqdcGp+pl8o5uYZlvIKh+A4UfOK98pKIb3cRw==",
      "license": "MIT",
      "dependencies": {
        "html-entities": "^2.3.2"
      }
    },
    "node_modules/pathe": {
      "version": "2.0.3",
      "resolved": "https://registry.npmjs.org/pathe/-/pathe-2.0.3.tgz",
      "integrity": "sha512-WUjGcAqP1gQacoQe+OBJsFA7Ld4DyXuUIjZ5cc75cLHvJ7dtNsTugphxIADwspS+AraAUePCKrSVtPLFj/F88w==",
      "license": "MIT"
    },
    "node_modules/react": {
      "version": "19.1.0",
      "resolved": "https://registry.npmjs.org/react/-/react-19.1.0.tgz",
      "integrity": "sha512-FS+XFBNvn3GTAWq26joslQgWNoFu08F4kl0J4CgdNKADkdSGXQyTCnKteIAJy96Br6YbpEU1LSzV5dYtjMkMDg==",
      "license": "MIT",
      "peer": true,
      "engines": {
        "node": ">=0.10.0"
      }
    },
    "node_modules/secure-json-parse": {
      "version": "2.7.0",
      "resolved": "https://registry.npmjs.org/secure-json-parse/-/secure-json-parse-2.7.0.tgz",
      "integrity": "sha512-6aU+Rwsezw7VR8/nyvKTx8QpWH9FrcYiXXlqC4z5d5XQBDRqtbfsRjnwGyqbi3gddNtWHuEk9OANUotL26qKUw==",
      "license": "BSD-3-Clause"
    },
    "node_modules/swr": {
      "version": "2.3.3",
      "resolved": "https://registry.npmjs.org/swr/-/swr-2.3.3.tgz",
      "integrity": "sha512-dshNvs3ExOqtZ6kJBaAsabhPdHyeY4P2cKwRCniDVifBMoG/SVI7tfLWqPXriVspf2Rg4tPzXJTnwaihIeFw2A==",
      "license": "MIT",
      "dependencies": {
        "dequal": "^2.0.3",
        "use-sync-external-store": "^1.4.0"
      },
      "peerDependencies": {
        "react": "^16.11.0 || ^17.0.0 || ^18.0.0 || ^19.0.0"
      }
    },
    "node_modules/throttleit": {
      "version": "2.1.0",
      "resolved": "https://registry.npmjs.org/throttleit/-/throttleit-2.1.0.tgz",
      "integrity": "sha512-nt6AMGKW1p/70DF/hGBdJB57B8Tspmbp5gfJ8ilhLnt7kkr2ye7hzD6NVG8GGErk2HWF34igrL2CXmNIkzKqKw==",
      "license": "MIT",
      "engines": {
        "node": ">=18"
      },
      "funding": {
        "url": "https://github.com/sponsors/sindresorhus"
      }
    },
    "node_modules/typescript": {
      "resolved": "../../node_modules/.pnpm/typescript@5.8.3/node_modules/typescript",
      "link": true
    },
    "node_modules/use-sync-external-store": {
      "version": "1.5.0",
      "resolved": "https://registry.npmjs.org/use-sync-external-store/-/use-sync-external-store-1.5.0.tgz",
      "integrity": "sha512-Rb46I4cGGVBmjamjphe8L/UnvJD+uPPtTkNvX5mZgqdbavhI4EbgIWJiIHXJ8bc/i9EQGPRh4DwEURJ552Do0A==",
      "license": "MIT",
      "peerDependencies": {
        "react": "^16.8.0 || ^17.0.0 || ^18.0.0 || ^19.0.0"
      }
    },
    "node_modules/zod": {
      "version": "3.25.44",
      "resolved": "https://registry.npmjs.org/zod/-/zod-3.25.44.tgz",
      "integrity": "sha512-BVwH2PnqCwxUN+SNjzRL6kcGvvz1JuojtB+uZB1Hg8DA56Zqn0pjpIwMrb1IhUsF75DjpEe4fhxPKO6+AErqzw==",
      "license": "MIT",
      "funding": {
        "url": "https://github.com/sponsors/colinhacks"
      }
    },
    "node_modules/zod-to-json-schema": {
      "version": "3.24.5",
      "resolved": "https://registry.npmjs.org/zod-to-json-schema/-/zod-to-json-schema-3.24.5.tgz",
      "integrity": "sha512-/AuWwMP+YqiPbsJx5D6TfgRTc4kTLjsh5SOcd4bLsfUg2RcEXrFMJl1DGgdHy2aCfsIA/cr/1JM0xcB2GZji8g==",
      "license": "ISC",
      "peerDependencies": {
        "zod": "^3.24.1"
      }
    }
  }
}
